Microsoft Visual Studio Solution File, Format Version 12.00
# Visual Studio Version 17
VisualStudioVersion = 17.0.31903.59
MinimumVisualStudioVersion = 10.0.40219.1
Project("{FAE04EC0-301F-11D3-BF4B-00C04F79EFBC}") = "CyberFoodONI", "src\CyberFoodONI\CyberFoodONI.csproj", "{A2E39711-E91E-4EDB-BA64-46E17816A7ED}"
EndProject
Global
	GlobalSection(SolutionConfigurationPlatforms) = preSolution
		Debug|Any CPU = Debug|Any CPU
		Release|Any CPU = Release|Any CPU
	EndGlobalSection
	GlobalSection(ProjectConfigurationPlatforms) = postSolution
		{A2E39711-E91E-4EDB-BA64-46E17816A7ED}.Debug|Any CPU.ActiveCfg = Debug|Any CPU
		{A2E39711-E91E-4EDB-BA64-46E17816A7ED}.Debug|Any CPU.Build.0 = Debug|Any CPU
		{A2E39711-E91E-4EDB-BA64-46E17816A7ED}.Release|Any CPU.ActiveCfg = Release|Any CPU
		{A2E39711-E91E-4EDB-BA64-46E17816A7ED}.Release|Any CPU.Build.0 = Release|Any CPU
	EndGlobalSection
	GlobalSection(SolutionProperties) = preSolution
		HideSolutionNode = FALSE
	EndGlobalSection
EndGlobal
